
Microsoft Visual Studio Solution File, Format Version 12.00
# Visual Studio Version 17
VisualStudioVersion = 17.7.34202.233
MinimumVisualStudioVersion = 10.0.40219.1
Project("{FAE04EC0-301F-11D3-BF4B-00C04F79EFBC}") = "hashowanie2", "hashowanie2.csproj", "{81990B94-1290-47A7-9FCF-65BA06D8E30C}"
EndProject
Global
	GlobalSection(SolutionConfigurationPlatforms) = preSolution
		Debug|Any CPU = Debug|Any CPU
		Release|Any CPU = Release|Any CPU
	EndGlobalSection
	GlobalSection(ProjectConfigurationPlatforms) = postSolution
		{81990B94-1290-47A7-9FCF-65BA06D8E30C}.Debug|Any CPU.ActiveCfg = Debug|Any CPU
		{81990B94-1290-47A7-9FCF-65BA06D8E30C}.Debug|Any CPU.Build.0 = Debug|Any CPU
		{81990B94-1290-47A7-9FCF-65BA06D8E30C}.Release|Any CPU.ActiveCfg = Release|Any CPU
		{81990B94-1290-47A7-9FCF-65BA06D8E30C}.Release|Any CPU.Build.0 = Release|Any CPU
	EndGlobalSection
	GlobalSection(SolutionProperties) = preSolution
		HideSolutionNode = FALSE
	EndGlobalSection
	GlobalSection(ExtensibilityGlobals) = postSolution
		SolutionGuid = {B849B7B3-5EA4-423D-94A9-D3A7EF7627AB}
	EndGlobalSection
EndGlobal
